
Microsoft Visual Studio Solution File, Format Version 12.00
# Visual Studio Version 16
VisualStudioVersion = 16.0.28729.10
MinimumVisualStudioVersion = 10.0.40219.1
Project("{9A19103F-16F7-4668-BE54-9A1E7A4F7556}") = "AspNetCoreWorkshop.Api", "AspNetCoreWorkshop.Api.csproj", "{E714E311-F564-49C2-81CB-D4B4B3F32AB9}"
EndProject
Global
	GlobalSection(SolutionConfigurationPlatforms) = preSolution
		Debug|Any CPU = Debug|Any CPU
		Release|Any CPU = Release|Any CPU
	EndGlobalSection
	GlobalSection(ProjectConfigurationPlatforms) = postSolution
		{E714E311-F564-49C2-81CB-D4B4B3F32AB9}.Debug|Any CPU.ActiveCfg = Debug|Any CPU
		{E714E311-F564-49C2-81CB-D4B4B3F32AB9}.Debug|Any CPU.Build.0 = Debug|Any CPU
		{E714E311-F564-49C2-81CB-D4B4B3F32AB9}.Release|Any CPU.ActiveCfg = Release|Any CPU
		{E714E311-F564-49C2-81CB-D4B4B3F32AB9}.Release|Any CPU.Build.0 = Release|Any CPU
	EndGlobalSection
	GlobalSection(SolutionProperties) = preSolution
		HideSolutionNode = FALSE
	EndGlobalSection
	GlobalSection(ExtensibilityGlobals) = postSolution
		SolutionGuid = {44D6F711-2B62-4209-B57A-BC45EE7E60E9}
	EndGlobalSection
EndGlobal
